// !$*UTF8*$!
{
	archiveVersion = 1;
	classes = {
	};
	objectVersion = 50;
	objects = {

/* Begin PBXBuildFile section */
		11020B9A22D6555A00632E2E /* ToDoTableViewController.swift in Sources */ = {isa = PBXBuildFile; fileRef = 11020B9922D6555A00632E2E /* ToDoTableViewController.swift */; };
		11020B9C22D6559800632E2E /* ToDoItemTableViewController.swift in Sources */ = {isa = PBXBuildFile; fileRef = 11020B9B22D6559800632E2E /* ToDoItemTableViewController.swift */; };
		1102BFB222D7AA4A0067BD8D /* TextFieldCell.swift in Sources */ = {isa = PBXBuildFile; fileRef = 1102BFB122D7AA4A0067BD8D /* TextFieldCell.swift */; };
		1102BFB422D7AB1D0067BD8D /* DateCell.swift in Sources */ = {isa = PBXBuildFile; fileRef = 1102BFB322D7AB1D0067BD8D /* DateCell.swift */; };
		1102BFB622D7AB570067BD8D /* DatePickerCell.swift in Sources */ = {isa = PBXBuildFile; fileRef = 1102BFB522D7AB570067BD8D /* DatePickerCell.swift */; };
		1102BFB922D7ABF30067BD8D /* SectionDatePicker.swift in Sources */ = {isa = PBXBuildFile; fileRef = 1102BFB822D7ABF30067BD8D /* SectionDatePicker.swift */; };
		1102BFBB22D7AD700067BD8D /* ImageCell.swift in Sources */ = {isa = PBXBuildFile; fileRef = 1102BFBA22D7AD700067BD8D /* ImageCell.swift */; };
		1102BFBD22D7AE170067BD8D /* SwitchCell.swift in Sources */ = {isa = PBXBuildFile; fileRef = 1102BFBC22D7AE170067BD8D /* SwitchCell.swift */; };
		1105736422D3B9A7008F5A97 /* ToDo.swift in Sources */ = {isa = PBXBuildFile; fileRef = 1105736322D3B9A7008F5A97 /* ToDo.swift */; };
		1105736922D3C604008F5A97 /* String+Extension.swift in Sources */ = {isa = PBXBuildFile; fileRef = 1105736822D3C604008F5A97 /* String+Extension.swift */; };
		113C53D922DA26B10051CFE3 /* SectionTextField.swift in Sources */ = {isa = PBXBuildFile; fileRef = 113C53D822DA26B10051CFE3 /* SectionTextField.swift */; };
		113C53DB22DA27FA0051CFE3 /* SectionSwitch.swift in Sources */ = {isa = PBXBuildFile; fileRef = 113C53DA22DA27FA0051CFE3 /* SectionSwitch.swift */; };
		11DDE0AB22D278430044E243 /* AppDelegate.swift in Sources */ = {isa = PBXBuildFile; fileRef = 11DDE0AA22D278430044E243 /* AppDelegate.swift */; };
		11DDE0B022D278430044E243 /* Main.storyboard in Resources */ = {isa = PBXBuildFile; fileRef = 11DDE0AE22D278430044E243 /* Main.storyboard */; };
		11DDE0B222D278440044E243 /* Assets.xcassets in Resources */ = {isa = PBXBuildFile; fileRef = 11DDE0B122D278440044E243 /* Assets.xcassets */; };
		11DDE0B522D278440044E243 /* LaunchScreen.storyboard in Resources */ = {isa = PBXBuildFile; fileRef = 11DDE0B322D278440044E243 /* LaunchScreen.storyboard */; };
/* End PBXBuildFile section */

/* Begin PBXFileReference section */
		11020B9922D6555A00632E2E /* ToDoTableViewController.swift */ = {isa = PBXFileReference; lastKnownFileType = sourcecode.swift; path = ToDoTableViewController.swift; sourceTree = "<group>"; };
		11020B9B22D6559800632E2E /* ToDoItemTableViewController.swift */ = {isa = PBXFileReference; lastKnownFileType = sourcecode.swift; path = ToDoItemTableViewController.swift; sourceTree = "<group>"; };
		1102BFB122D7AA4A0067BD8D /* TextFieldCell.swift */ = {isa = PBXFileReference; lastKnownFileType = sourcecode.swift; path = TextFieldCell.swift; sourceTree = "<group>"; };
		1102BFB322D7AB1D0067BD8D /* DateCell.swift */ = {isa = PBXFileReference; lastKnownFileType = sourcecode.swift; path = DateCell.swift; sourceTree = "<group>"; };
		1102BFB522D7AB570067BD8D /* DatePickerCell.swift */ = {isa = PBXFileReference; lastKnownFileType = sourcecode.swift; path = DatePickerCell.swift; sourceTree = "<group>"; };
		1102BFB822D7ABF30067BD8D /* SectionDatePicker.swift */ = {isa = PBXFileReference; lastKnownFileType = sourcecode.swift; path = SectionDatePicker.swift; sourceTree = "<group>"; };
		1102BFBA22D7AD700067BD8D /* ImageCell.swift */ = {isa = PBXFileReference; lastKnownFileType = sourcecode.swift; path = ImageCell.swift; sourceTree = "<group>"; };
		1102BFBC22D7AE170067BD8D /* SwitchCell.swift */ = {isa = PBXFileReference; lastKnownFileType = sourcecode.swift; path = SwitchCell.swift; sourceTree = "<group>"; };
		1105736322D3B9A7008F5A97 /* ToDo.swift */ = {isa = PBXFileReference; lastKnownFileType = sourcecode.swift; path = ToDo.swift; sourceTree = "<group>"; };
		1105736822D3C604008F5A97 /* String+Extension.swift */ = {isa = PBXFileReference; lastKnownFileType = sourcecode.swift; path = "String+Extension.swift"; sourceTree = "<group>"; };
		113C53D822DA26B10051CFE3 /* SectionTextField.swift */ = {isa = PBXFileReference; lastKnownFileType = sourcecode.swift; path = SectionTextField.swift; sourceTree = "<group>"; };
		113C53DA22DA27FA0051CFE3 /* SectionSwitch.swift */ = {isa = PBXFileReference; lastKnownFileType = sourcecode.swift; path = SectionSwitch.swift; sourceTree = "<group>"; };
		11DDE0A722D278430044E243 /* ToDoList.app */ = {isa = PBXFileReference; explicitFileType = wrapper.application; includeInIndex = 0; path = ToDoList.app; sourceTree = BUILT_PRODUCTS_DIR; };
		11DDE0AA22D278430044E243 /* AppDelegate.swift */ = {isa = PBXFileReference; lastKnownFileType = sourcecode.swift; path = AppDelegate.swift; sourceTree = "<group>"; };
		11DDE0AF22D278430044E243 /* Base */ = {isa = PBXFileReference; lastKnownFileType = file.storyboard; name = Base; path = Base.lproj/Main.storyboard; sourceTree = "<group>"; };
		11DDE0B122D278440044E243 /* Assets.xcassets */ = {isa = PBXFileReference; lastKnownFileType = folder.assetcatalog; path = Assets.xcassets; sourceTree = "<group>"; };
		11DDE0B422D278440044E243 /* Base */ = {isa = PBXFileReference; lastKnownFileType = file.storyboard; name = Base; path = Base.lproj/LaunchScreen.storyboard; sourceTree = "<group>"; };
		11DDE0B622D278440044E243 /* Info.plist */ = {isa = PBXFileReference; lastKnownFileType = text.plist.xml; path = Info.plist; sourceTree = "<group>"; };
/* End PBXFileReference section */

/* Begin PBXFrameworksBuildPhase section */
		11DDE0A422D278430044E243 /* Frameworks */ = {
			isa = PBXFrameworksBuildPhase;
			buildActionMask = 2147483647;
			files = (
			);
			runOnlyForDeploymentPostprocessing = 0;
		};
/* End PBXFrameworksBuildPhase section */

/* Begin PBXGroup section */
		1102BFB022D7AA0A0067BD8D /* Cells */ = {
			isa = PBXGroup;
			children = (
				1102BFB322D7AB1D0067BD8D /* DateCell.swift */,
				1102BFB522D7AB570067BD8D /* DatePickerCell.swift */,
				1102BFBA22D7AD700067BD8D /* ImageCell.swift */,
				1102BFBC22D7AE170067BD8D /* SwitchCell.swift */,
				1102BFB122D7AA4A0067BD8D /* TextFieldCell.swift */,
			);
			path = Cells;
			sourceTree = "<group>";
		};
		1102BFB722D7ABDA0067BD8D /* View */ = {
			isa = PBXGroup;
			children = (
				1102BFB822D7ABF30067BD8D /* SectionDatePicker.swift */,
				113C53D822DA26B10051CFE3 /* SectionTextField.swift */,
				113C53DA22DA27FA0051CFE3 /* SectionSwitch.swift */,
			);
			path = View;
			sourceTree = "<group>";
		};
		1105736522D3C53D008F5A97 /* Extensions */ = {
			isa = PBXGroup;
			children = (
				1105736822D3C604008F5A97 /* String+Extension.swift */,
			);
			path = Extensions;
			sourceTree = "<group>";
		};
		11DDE09E22D278430044E243 = {
			isa = PBXGroup;
			children = (
				11DDE0A922D278430044E243 /* ToDoList */,
				11DDE0A822D278430044E243 /* Products */,
			);
			sourceTree = "<group>";
		};
		11DDE0A822D278430044E243 /* Products */ = {
			isa = PBXGroup;
			children = (
				11DDE0A722D278430044E243 /* ToDoList.app */,
			);
			name = Products;
			sourceTree = "<group>";
		};
		11DDE0A922D278430044E243 /* ToDoList */ = {
			isa = PBXGroup;
			children = (
				11DDE0BC22D278A40044E243 /* App */,
				1102BFB022D7AA0A0067BD8D /* Cells */,
				1105736522D3C53D008F5A97 /* Extensions */,
				11DDE0C022D279670044E243 /* Model */,
				1102BFB722D7ABDA0067BD8D /* View */,
				11DDE0BE22D279030044E243 /* ViewControllers */,
				11DDE0BD22D278EC0044E243 /* Storyboard */,
				11DDE0BF22D279130044E243 /* Resources */,
			);
			path = ToDoList;
			sourceTree = "<group>";
		};
		11DDE0BC22D278A40044E243 /* App */ = {
			isa = PBXGroup;
			children = (
				11DDE0AA22D278430044E243 /* AppDelegate.swift */,
				11DDE0B622D278440044E243 /* Info.plist */,
			);
			path = App;
			sourceTree = "<group>";
		};
		11DDE0BD22D278EC0044E243 /* Storyboard */ = {
			isa = PBXGroup;
			children = (
				11DDE0AE22D278430044E243 /* Main.storyboard */,
				11DDE0B322D278440044E243 /* LaunchScreen.storyboard */,
			);
			path = Storyboard;
			sourceTree = "<group>";
		};
		11DDE0BE22D279030044E243 /* ViewControllers */ = {
			isa = PBXGroup;
			children = (
				11020B9922D6555A00632E2E /* ToDoTableViewController.swift */,
				11020B9B22D6559800632E2E /* ToDoItemTableViewController.swift */,
			);
			path = ViewControllers;
			sourceTree = "<group>";
		};
		11DDE0BF22D279130044E243 /* Resources */ = {
			isa = PBXGroup;
			children = (
				11DDE0B122D278440044E243 /* Assets.xcassets */,
			);
			path = Resources;
			sourceTree = "<group>";
		};
		11DDE0C022D279670044E243 /* Model */ = {
			isa = PBXGroup;
			children = (
				1105736322D3B9A7008F5A97 /* ToDo.swift */,
			);
			path = Model;
			sourceTree = "<group>";
		};
/* End PBXGroup section */

/* Begin PBXNativeTarget section */
		11DDE0A622D278430044E243 /* ToDoList */ = {
			isa = PBXNativeTarget;
			buildConfigurationList = 11DDE0B922D278440044E243 /* Build configuration list for PBXNativeTarget "ToDoList" */;
			buildPhases = (
				11DDE0A322D278430044E243 /* Sources */,
				11DDE0A422D278430044E243 /* Frameworks */,
				11DDE0A522D278430044E243 /* Resources */,
			);
			buildRules = (
			);
			dependencies = (
			);
			name = ToDoList;
			productName = ToDoList;
			productReference = 11DDE0A722D278430044E243 /* ToDoList.app */;
			productType = "com.apple.product-type.application";
		};
/* End PBXNativeTarget section */

/* Begin PBXProject section */
		11DDE09F22D278430044E243 /* Project object */ = {
			isa = PBXProject;
			attributes = {
				LastSwiftUpdateCheck = 1020;
				LastUpgradeCheck = 1020;
				ORGANIZATIONNAME = "Alexander Shigin";
				TargetAttributes = {
					11DDE0A622D278430044E243 = {
						CreatedOnToolsVersion = 10.2.1;
					};
				};
			};
			buildConfigurationList = 11DDE0A222D278430044E243 /* Build configuration list for PBXProject "ToDoList" */;
			compatibilityVersion = "Xcode 9.3";
			developmentRegion = en;
			hasScannedForEncodings = 0;
			knownRegions = (
				en,
				Base,
			);
			mainGroup = 11DDE09E22D278430044E243;
			productRefGroup = 11DDE0A822D278430044E243 /* Products */;
			projectDirPath = "";
			projectRoot = "";
			targets = (
				11DDE0A622D278430044E243 /* ToDoList */,
			);
		};
/* End PBXProject section */

/* Begin PBXResourcesBuildPhase section */
		11DDE0A522D278430044E243 /* Resources */ = {
			isa = PBXResourcesBuildPhase;
			buildActionMask = 2147483647;
			files = (
				11DDE0B522D278440044E243 /* LaunchScreen.storyboard in Resources */,
				11DDE0B222D278440044E243 /* Assets.xcassets in Resources */,
				11DDE0B022D278430044E243 /* Main.storyboard in Resources */,
			);
			runOnlyForDeploymentPostprocessing = 0;
		};
/* End PBXResourcesBuildPhase section */

/* Begin PBXSourcesBuildPhase section */
		11DDE0A322D278430044E243 /* Sources */ = {
			isa = PBXSourcesBuildPhase;
			buildActionMask = 2147483647;
			files = (
				1105736422D3B9A7008F5A97 /* ToDo.swift in Sources */,
				11020B9A22D6555A00632E2E /* ToDoTableViewController.swift in Sources */,
				1102BFB422D7AB1D0067BD8D /* DateCell.swift in Sources */,
				113C53D922DA26B10051CFE3 /* SectionTextField.swift in Sources */,
				11020B9C22D6559800632E2E /* ToDoItemTableViewController.swift in Sources */,
				1105736922D3C604008F5A97 /* String+Extension.swift in Sources */,
				11DDE0AB22D278430044E243 /* AppDelegate.swift in Sources */,
				1102BFB222D7AA4A0067BD8D /* TextFieldCell.swift in Sources */,
				1102BFB622D7AB570067BD8D /* DatePickerCell.swift in Sources */,
				1102BFB922D7ABF30067BD8D /* SectionDatePicker.swift in Sources */,
				113C53DB22DA27FA0051CFE3 /* SectionSwitch.swift in Sources */,
				1102BFBD22D7AE170067BD8D /* SwitchCell.swift in Sources */,
				1102BFBB22D7AD700067BD8D /* ImageCell.swift in Sources */,
			);
			runOnlyForDeploymentPostprocessing = 0;
		};
/* End PBXSourcesBuildPhase section */

/* Begin PBXVariantGroup section */
		11DDE0AE22D278430044E243 /* Main.storyboard */ = {
			isa = PBXVariantGroup;
			children = (
				11DDE0AF22D278430044E243 /* Base */,
			);
			name = Main.storyboard;
			sourceTree = "<group>";
		};
		11DDE0B322D278440044E243 /* LaunchScreen.storyboard */ = {
			isa = PBXVariantGroup;
			children = (
				11DDE0B422D278440044E243 /* Base */,
			);
			name = LaunchScreen.storyboard;
			sourceTree = "<group>";
		};
/* End PBXVariantGroup section */

/* Begin XCBuildConfiguration section */
		11DDE0B722D278440044E243 /* Debug */ = {
			isa = XCBuildConfiguration;
			buildSettings = {
				ALWAYS_SEARCH_USER_PATHS = NO;
				CLANG_ANALYZER_NONNULL = YES;
				CLANG_ANALYZER_NUMBER_OBJECT_CONVERSION = YES_AGGRESSIVE;
				CLANG_CXX_LANGUAGE_STANDARD = "gnu++14";
				CLANG_CXX_LIBRARY = "libc++";
				CLANG_ENABLE_MODULES = YES;
				CLANG_ENABLE_OBJC_ARC = YES;
				CLANG_ENABLE_OBJC_WEAK = YES;
				CLANG_WARN_BLOCK_CAPTURE_AUTORELEASING = YES;
				CLANG_WARN_BOOL_CONVERSION = YES;
				CLANG_WARN_COMMA = YES;
				CLANG_WARN_CONSTANT_CONVERSION = YES;
				CLANG_WARN_DEPRECATED_OBJC_IMPLEMENTATIONS = YES;
				CLANG_WARN_DIRECT_OBJC_ISA_USAGE = YES_ERROR;
				CLANG_WARN_DOCUMENTATION_COMMENTS = YES;
				CLANG_WARN_EMPTY_BODY = YES;
				CLANG_WARN_ENUM_CONVERSION = YES;
				CLANG_WARN_INFINITE_RECURSION = YES;
				CLANG_WARN_INT_CONVERSION = YES;
				CLANG_WARN_NON_LITERAL_NULL_CONVERSION = YES;
				CLANG_WARN_OBJC_IMPLICIT_RETAIN_SELF = YES;
				CLANG_WARN_OBJC_LITERAL_CONVERSION = YES;
				CLANG_WARN_OBJC_ROOT_CLASS = YES_ERROR;
				CLANG_WARN_RANGE_LOOP_ANALYSIS = YES;
				CLANG_WARN_STRICT_PROTOTYPES = YES;
				CLANG_WARN_SUSPICIOUS_MOVE = YES;
				CLANG_WARN_UNGUARDED_AVAILABILITY = YES_AGGRESSIVE;
				CLANG_WARN_UNREACHABLE_CODE = YES;
				CLANG_WARN__DUPLICATE_METHOD_MATCH = YES;
				CODE_SIGN_IDENTITY = "iPhone Developer";
				COPY_PHASE_STRIP = NO;
				DEBUG_INFORMATION_FORMAT = dwarf;
				ENABLE_STRICT_OBJC_MSGSEND = YES;
				ENABLE_TESTABILITY = YES;
				GCC_C_LANGUAGE_STANDARD = gnu11;
				GCC_DYNAMIC_NO_PIC = NO;
				GCC_NO_COMMON_BLOCKS = YES;
				GCC_OPTIMIZATION_LEVEL = 0;
				GCC_PREPROCESSOR_DEFINITIONS = (
					"DEBUG=1",
					"$(inherited)",
				);
				GCC_WARN_64_TO_32_BIT_CONVERSION = YES;
				GCC_WARN_ABOUT_RETURN_TYPE = YES_ERROR;
				GCC_WARN_UNDECLARED_SELECTOR = YES;
				GCC_WARN_UNINITIALIZED_AUTOS = YES_AGGRESSIVE;
				GCC_WARN_UNUSED_FUNCTION = YES;
				GCC_WARN_UNUSED_VARIABLE = YES;
				IPHONEOS_DEPLOYMENT_TARGET = 12.2;
				MTL_ENABLE_DEBUG_INFO = INCLUDE_SOURCE;
				MTL_FAST_MATH = YES;
				ONLY_ACTIVE_ARCH = YES;
				SDKROOT = iphoneos;
				SWIFT_ACTIVE_COMPILATION_CONDITIONS = DEBUG;
				SWIFT_OPTIMIZATION_LEVEL = "-Onone";
			};
			name = Debug;
		};
		11DDE0B822D278440044E243 /* Release */ = {
			isa = XCBuildConfiguration;
			buildSettings = {
				ALWAYS_SEARCH_USER_PATHS = NO;
				CLANG_ANALYZER_NONNULL = YES;
				CLANG_ANALYZER_NUMBER_OBJECT_CONVERSION = YES_AGGRESSIVE;
				CLANG_CXX_LANGUAGE_STANDARD = "gnu++14";
				CLANG_CXX_LIBRARY = "libc++";
				CLANG_ENABLE_MODULES = YES;
				CLANG_ENABLE_OBJC_ARC = YES;
				CLANG_ENABLE_OBJC_WEAK = YES;
				CLANG_WARN_BLOCK_CAPTURE_AUTORELEASING = YES;
				CLANG_WARN_BOOL_CONVERSION = YES;
				CLANG_WARN_COMMA = YES;
				CLANG_WARN_CONSTANT_CONVERSION = YES;
				CLANG_WARN_DEPRECATED_OBJC_IMPLEMENTATIONS = YES;
				CLANG_WARN_DIRECT_OBJC_ISA_USAGE = YES_ERROR;
				CLANG_WARN_DOCUMENTATION_COMMENTS = YES;
				CLANG_WARN_EMPTY_BODY = YES;
				CLANG_WARN_ENUM_CONVERSION = YES;
				CLANG_WARN_INFINITE_RECURSION = YES;
				CLANG_WARN_INT_CONVERSION = YES;
				CLANG_WARN_NON_LITERAL_NULL_CONVERSION = YES;
				CLANG_WARN_OBJC_IMPLICIT_RETAIN_SELF = YES;
				CLANG_WARN_OBJC_LITERAL_CONVERSION = YES;
				CLANG_WARN_OBJC_ROOT_CLASS = YES_ERROR;
				CLANG_WARN_RANGE_LOOP_ANALYSIS = YES;
				CLANG_WARN_STRICT_PROTOTYPES = YES;
				CLANG_WARN_SUSPICIOUS_MOVE = YES;
				CLANG_WARN_UNGUARDED_AVAILABILITY = YES_AGGRESSIVE;
				CLANG_WARN_UNREACHABLE_CODE = YES;
				CLANG_WARN__DUPLICATE_METHOD_MATCH = YES;
				CODE_SIGN_IDENTITY = "iPhone Developer";
				COPY_PHASE_STRIP = NO;
				DEBUG_INFORMATION_FORMAT = "dwarf-with-dsym";
				ENABLE_NS_ASSERTIONS = NO;
				ENABLE_STRICT_OBJC_MSGSEND = YES;
				GCC_C_LANGUAGE_STANDARD = gnu11;
				GCC_NO_COMMON_BLOCKS = YES;
				GCC_WARN_64_TO_32_BIT_CONVERSION = YES;
				GCC_WARN_ABOUT_RETURN_TYPE = YES_ERROR;
				GCC_WARN_UNDECLARED_SELECTOR = YES;
				GCC_WARN_UNINITIALIZED_AUTOS = YES_AGGRESSIVE;
				GCC_WARN_UNUSED_FUNCTION = YES;
				GCC_WARN_UNUSED_VARIABLE = YES;
				IPHONEOS_DEPLOYMENT_TARGET = 12.2;
				MTL_ENABLE_DEBUG_INFO = NO;
				MTL_FAST_MATH = YES;
				SDKROOT = iphoneos;
				SWIFT_COMPILATION_MODE = wholemodule;
				SWIFT_OPTIMIZATION_LEVEL = "-O";
				VALIDATE_PRODUCT = YES;
			};
			name = Release;
		};
		11DDE0BA22D278440044E243 /* Debug */ = {
			isa = XCBuildConfiguration;
			buildSettings = {
				ASSETCATALOG_COMPILER_APPICON_NAME = AppIcon;
				CODE_SIGN_STYLE = Automatic;
				DEVELOPMENT_TEAM = FDWT9V7JHG;
				INFOPLIST_FILE = "$(SRCROOT)/ToDoList/App/Info.plist";
				LD_RUNPATH_SEARCH_PATHS = (
					"$(inherited)",
					"@executable_path/Frameworks",
				);
				PRODUCT_BUNDLE_IDENTIFIER = com.home.shigin.alexander.ToDoList;
				PRODUCT_NAME = "$(TARGET_NAME)";
				SWIFT_VERSION = 5.0;
				TARGETED_DEVICE_FAMILY = "1,2";
			};
			name = Debug;
		};
		11DDE0BB22D278440044E243 /* Release */ = {
			isa = XCBuildConfiguration;
			buildSettings = {
				ASSETCATALOG_COMPILER_APPICON_NAME = AppIcon;
				CODE_SIGN_STYLE = Automatic;
				DEVELOPMENT_TEAM = FDWT9V7JHG;
				INFOPLIST_FILE = "$(SRCROOT)/ToDoList/App/Info.plist";
				LD_RUNPATH_SEARCH_PATHS = (
					"$(inherited)",
					"@executable_path/Frameworks",
				);
				PRODUCT_BUNDLE_IDENTIFIER = com.home.shigin.alexander.ToDoList;
				PRODUCT_NAME = "$(TARGET_NAME)";
				SWIFT_VERSION = 5.0;
				TARGETED_DEVICE_FAMILY = "1,2";
			};
			name = Release;
		};
/* End XCBuildConfiguration section */

/* Begin XCConfigurationList section */
		11DDE0A222D278430044E243 /* Build configuration list for PBXProject "ToDoList" */ = {
			isa = XCConfigurationList;
			buildConfigurations = (
				11DDE0B722D278440044E243 /* Debug */,
				11DDE0B822D278440044E243 /* Release */,
			);
			defaultConfigurationIsVisible = 0;
			defaultConfigurationName = Release;
		};
		11DDE0B922D278440044E243 /* Build configuration list for PBXNativeTarget "ToDoList" */ = {
			isa = XCConfigurationList;
			buildConfigurations = (
				11DDE0BA22D278440044E243 /* Debug */,
				11DDE0BB22D278440044E243 /* Release */,
			);
			defaultConfigurationIsVisible = 0;
			defaultConfigurationName = Release;
		};
/* End XCConfigurationList section */
	};
	rootObject = 11DDE09F22D278430044E243 /* Project object */;
}
